// !$*UTF8*$!
{
	archiveVersion = 1;
	classes = {
	};
	objectVersion = 50;
	objects = {

/* Begin PBXBuildFile section */
		70C73C9BEAF77A7288DA7C8F /* Pods_TodoeyUITests.framework in Frameworks */ = {isa = PBXBuildFile; fileRef = 6BAA53DC06F835428AC9B4C3 /* Pods_TodoeyUITests.framework */; };
		73332231B1BEEF1CA90F7602 /* Pods_TodoeyTests.framework in Frameworks */ = {isa = PBXBuildFile; fileRef = 99789F4A4B1F4C099C810C04 /* Pods_TodoeyTests.framework */; };
		DDE1E5FFF97DB2F7A131D5E5 /* Pods_Todoey.framework in Frameworks */ = {isa = PBXBuildFile; fileRef = 6D78D29875B4969197D9DAC0 /* Pods_Todoey.framework */; };
		F15F4B8221352CDB0037787F /* AppDelegate.swift in Sources */ = {isa = PBXBuildFile; fileRef = F15F4B8121352CDB0037787F /* AppDelegate.swift */; };
		F15F4B8421352CDB0037787F /* TodoeyViewController.swift in Sources */ = {isa = PBXBuildFile; fileRef = F15F4B8321352CDB0037787F /* TodoeyViewController.swift */; };
		F15F4B8721352CDB0037787F /* Main.storyboard in Resources */ = {isa = PBXBuildFile; fileRef = F15F4B8521352CDB0037787F /* Main.storyboard */; };
		F15F4B8921352CDF0037787F /* Assets.xcassets in Resources */ = {isa = PBXBuildFile; fileRef = F15F4B8821352CDF0037787F /* Assets.xcassets */; };
		F15F4B8C21352CDF0037787F /* LaunchScreen.storyboard in Resources */ = {isa = PBXBuildFile; fileRef = F15F4B8A21352CDF0037787F /* LaunchScreen.storyboard */; };
		F15F4B9721352CDF0037787F /* TodoeyTests.swift in Sources */ = {isa = PBXBuildFile; fileRef = F15F4B9621352CDF0037787F /* TodoeyTests.swift */; };
		F15F4BA221352CDF0037787F /* TodoeyUITests.swift in Sources */ = {isa = PBXBuildFile; fileRef = F15F4BA121352CDF0037787F /* TodoeyUITests.swift */; };
		F17D3838213906BE00E11DC0 /* Item.swift in Sources */ = {isa = PBXBuildFile; fileRef = F17D3837213906BE00E11DC0 /* Item.swift */; };
		F17D383A213906DA00E11DC0 /* Catagory.swift in Sources */ = {isa = PBXBuildFile; fileRef = F17D3839213906DA00E11DC0 /* Catagory.swift */; };
		F1E8FF84213806370052161E /* CatagoryViewController.swift in Sources */ = {isa = PBXBuildFile; fileRef = F1E8FF83213806370052161E /* CatagoryViewController.swift */; };
/* End PBXBuildFile section */

/* Begin PBXContainerItemProxy section */
		F15F4B9321352CDF0037787F /* PBXContainerItemProxy */ = {
			isa = PBXContainerItemProxy;
			containerPortal = F15F4B7621352CDB0037787F /* Project object */;
			proxyType = 1;
			remoteGlobalIDString = F15F4B7D21352CDB0037787F;
			remoteInfo = Todoey;
		};
		F15F4B9E21352CDF0037787F /* PBXContainerItemProxy */ = {
			isa = PBXContainerItemProxy;
			containerPortal = F15F4B7621352CDB0037787F /* Project object */;
			proxyType = 1;
			remoteGlobalIDString = F15F4B7D21352CDB0037787F;
			remoteInfo = Todoey;
		};
/* End PBXContainerItemProxy section */

/* Begin PBXFileReference section */
		6BAA53DC06F835428AC9B4C3 /* Pods_TodoeyUITests.framework */ = {isa = PBXFileReference; explicitFileType = wrapper.framework; includeInIndex = 0; path = Pods_TodoeyUITests.framework; sourceTree = BUILT_PRODUCTS_DIR; };
		6D78D29875B4969197D9DAC0 /* Pods_Todoey.framework */ = {isa = PBXFileReference; explicitFileType = wrapper.framework; includeInIndex = 0; path = Pods_Todoey.framework; sourceTree = BUILT_PRODUCTS_DIR; };
		7DFBD8FA1C5ADB4274B5C270 /* Pods-Todoey.release.xcconfig */ = {isa = PBXFileReference; includeInIndex = 1; lastKnownFileType = text.xcconfig; name = "Pods-Todoey.release.xcconfig"; path = "Pods/Target Support Files/Pods-Todoey/Pods-Todoey.release.xcconfig"; sourceTree = "<group>"; };
		918F49E6D39E8AAF8EEA6929 /* Pods-TodoeyUITests.debug.xcconfig */ = {isa = PBXFileReference; includeInIndex = 1; lastKnownFileType = text.xcconfig; name = "Pods-TodoeyUITests.debug.xcconfig"; path = "Pods/Target Support Files/Pods-TodoeyUITests/Pods-TodoeyUITests.debug.xcconfig"; sourceTree = "<group>"; };
		99789F4A4B1F4C099C810C04 /* Pods_TodoeyTests.framework */ = {isa = PBXFileReference; explicitFileType = wrapper.framework; includeInIndex = 0; path = Pods_TodoeyTests.framework; sourceTree = BUILT_PRODUCTS_DIR; };
		D8D37C96971726AB396CE0E1 /* Pods-TodoeyUITests.release.xcconfig */ = {isa = PBXFileReference; includeInIndex = 1; lastKnownFileType = text.xcconfig; name = "Pods-TodoeyUITests.release.xcconfig"; path = "Pods/Target Support Files/Pods-TodoeyUITests/Pods-TodoeyUITests.release.xcconfig"; sourceTree = "<group>"; };
		E32BC186A9FB57088D3BBE67 /* Pods-TodoeyTests.release.xcconfig */ = {isa = PBXFileReference; includeInIndex = 1; lastKnownFileType = text.xcconfig; name = "Pods-TodoeyTests.release.xcconfig"; path = "Pods/Target Support Files/Pods-TodoeyTests/Pods-TodoeyTests.release.xcconfig"; sourceTree = "<group>"; };
		F15F4B7E21352CDB0037787F /* Todoey.app */ = {isa = PBXFileReference; explicitFileType = wrapper.application; includeInIndex = 0; path = Todoey.app; sourceTree = BUILT_PRODUCTS_DIR; };
		F15F4B8121352CDB0037787F /* AppDelegate.swift */ = {isa = PBXFileReference; lastKnownFileType = sourcecode.swift; path = AppDelegate.swift; sourceTree = "<group>"; };
		F15F4B8321352CDB0037787F /* TodoeyViewController.swift */ = {isa = PBXFileReference; lastKnownFileType = sourcecode.swift; path = TodoeyViewController.swift; sourceTree = "<group>"; };
		F15F4B8621352CDB0037787F /* Base */ = {isa = PBXFileReference; lastKnownFileType = file.storyboard; name = Base; path = Base.lproj/Main.storyboard; sourceTree = "<group>"; };
		F15F4B8821352CDF0037787F /* Assets.xcassets */ = {isa = PBXFileReference; lastKnownFileType = folder.assetcatalog; path = Assets.xcassets; sourceTree = "<group>"; };
		F15F4B8B21352CDF0037787F /* Base */ = {isa = PBXFileReference; lastKnownFileType = file.storyboard; name = Base; path = Base.lproj/LaunchScreen.storyboard; sourceTree = "<group>"; };
		F15F4B8D21352CDF0037787F /* Info.plist */ = {isa = PBXFileReference; lastKnownFileType = text.plist.xml; path = Info.plist; sourceTree = "<group>"; };
		F15F4B9221352CDF0037787F /* TodoeyTests.xctest */ = {isa = PBXFileReference; explicitFileType = wrapper.cfbundle; includeInIndex = 0; path = TodoeyTests.xctest; sourceTree = BUILT_PRODUCTS_DIR; };
		F15F4B9621352CDF0037787F /* TodoeyTests.swift */ = {isa = PBXFileReference; lastKnownFileType = sourcecode.swift; path = TodoeyTests.swift; sourceTree = "<group>"; };
		F15F4B9821352CDF0037787F /* Info.plist */ = {isa = PBXFileReference; lastKnownFileType = text.plist.xml; path = Info.plist; sourceTree = "<group>"; };
		F15F4B9D21352CDF0037787F /* TodoeyUITests.xctest */ = {isa = PBXFileReference; explicitFileType = wrapper.cfbundle; includeInIndex = 0; path = TodoeyUITests.xctest; sourceTree = BUILT_PRODUCTS_DIR; };
		F15F4BA121352CDF0037787F /* TodoeyUITests.swift */ = {isa = PBXFileReference; lastKnownFileType = sourcecode.swift; path = TodoeyUITests.swift; sourceTree = "<group>"; };
		F15F4BA321352CDF0037787F /* Info.plist */ = {isa = PBXFileReference; lastKnownFileType = text.plist.xml; path = Info.plist; sourceTree = "<group>"; };
		F17D3837213906BE00E11DC0 /* Item.swift */ = {isa = PBXFileReference; lastKnownFileType = sourcecode.swift; path = Item.swift; sourceTree = "<group>"; };
		F17D3839213906DA00E11DC0 /* Catagory.swift */ = {isa = PBXFileReference; lastKnownFileType = sourcecode.swift; path = Catagory.swift; sourceTree = "<group>"; };
		F1E8FF83213806370052161E /* CatagoryViewController.swift */ = {isa = PBXFileReference; lastKnownFileType = sourcecode.swift; path = CatagoryViewController.swift; sourceTree = "<group>"; };
		F30EE5D08973757A66BE030B /* Pods-TodoeyTests.debug.xcconfig */ = {isa = PBXFileReference; includeInIndex = 1; lastKnownFileType = text.xcconfig; name = "Pods-TodoeyTests.debug.xcconfig"; path = "Pods/Target Support Files/Pods-TodoeyTests/Pods-TodoeyTests.debug.xcconfig"; sourceTree = "<group>"; };
		F5E341BAAFB542D80579F86D /* Pods-Todoey.debug.xcconfig */ = {isa = PBXFileReference; includeInIndex = 1; lastKnownFileType = text.xcconfig; name = "Pods-Todoey.debug.xcconfig"; path = "Pods/Target Support Files/Pods-Todoey/Pods-Todoey.debug.xcconfig"; sourceTree = "<group>"; };
/* End PBXFileReference section */

/* Begin PBXFrameworksBuildPhase section */
		F15F4B7B21352CDB0037787F /* Frameworks */ = {
			isa = PBXFrameworksBuildPhase;
			buildActionMask = 2147483647;
			files = (
				DDE1E5FFF97DB2F7A131D5E5 /* Pods_Todoey.framework in Frameworks */,
			);
			runOnlyForDeploymentPostprocessing = 0;
		};
		F15F4B8F21352CDF0037787F /* Frameworks */ = {
			isa = PBXFrameworksBuildPhase;
			buildActionMask = 2147483647;
			files = (
				73332231B1BEEF1CA90F7602 /* Pods_TodoeyTests.framework in Frameworks */,
			);
			runOnlyForDeploymentPostprocessing = 0;
		};
		F15F4B9A21352CDF0037787F /* Frameworks */ = {
			isa = PBXFrameworksBuildPhase;
			buildActionMask = 2147483647;
			files = (
				70C73C9BEAF77A7288DA7C8F /* Pods_TodoeyUITests.framework in Frameworks */,
			);
			runOnlyForDeploymentPostprocessing = 0;
		};
/* End PBXFrameworksBuildPhase section */

/* Begin PBXGroup section */
		00A19929345583AB5C119F85 /* Pods */ = {
			isa = PBXGroup;
			children = (
				F5E341BAAFB542D80579F86D /* Pods-Todoey.debug.xcconfig */,
				7DFBD8FA1C5ADB4274B5C270 /* Pods-Todoey.release.xcconfig */,
				F30EE5D08973757A66BE030B /* Pods-TodoeyTests.debug.xcconfig */,
				E32BC186A9FB57088D3BBE67 /* Pods-TodoeyTests.release.xcconfig */,
				918F49E6D39E8AAF8EEA6929 /* Pods-TodoeyUITests.debug.xcconfig */,
				D8D37C96971726AB396CE0E1 /* Pods-TodoeyUITests.release.xcconfig */,
			);
			name = Pods;
			sourceTree = "<group>";
		};
		D02DE91B7C23DFD9807CD23B /* Frameworks */ = {
			isa = PBXGroup;
			children = (
				6D78D29875B4969197D9DAC0 /* Pods_Todoey.framework */,
				99789F4A4B1F4C099C810C04 /* Pods_TodoeyTests.framework */,
				6BAA53DC06F835428AC9B4C3 /* Pods_TodoeyUITests.framework */,
			);
			name = Frameworks;
			sourceTree = "<group>";
		};
		F15F4B7521352CDB0037787F = {
			isa = PBXGroup;
			children = (
				F15F4B8021352CDB0037787F /* Todoey */,
				F15F4B9521352CDF0037787F /* TodoeyTests */,
				F15F4BA021352CDF0037787F /* TodoeyUITests */,
				F15F4B7F21352CDB0037787F /* Products */,
				00A19929345583AB5C119F85 /* Pods */,
				D02DE91B7C23DFD9807CD23B /* Frameworks */,
			);
			sourceTree = "<group>";
		};
		F15F4B7F21352CDB0037787F /* Products */ = {
			isa = PBXGroup;
			children = (
				F15F4B7E21352CDB0037787F /* Todoey.app */,
				F15F4B9221352CDF0037787F /* TodoeyTests.xctest */,
				F15F4B9D21352CDF0037787F /* TodoeyUITests.xctest */,
			);
			name = Products;
			sourceTree = "<group>";
		};
		F15F4B8021352CDB0037787F /* Todoey */ = {
			isa = PBXGroup;
			children = (
				F15F4B8121352CDB0037787F /* AppDelegate.swift */,
				F160D6D921365AEC008340A6 /* Model */,
				F160D6DC21365B94008340A6 /* Views */,
				F160D6DD21365BB7008340A6 /* Controllers */,
				F1C8A6B721365C5100FAB735 /* SupportFile */,
				F15F4B8D21352CDF0037787F /* Info.plist */,
			);
			path = Todoey;
			sourceTree = "<group>";
		};
		F15F4B9521352CDF0037787F /* TodoeyTests */ = {
			isa = PBXGroup;
			children = (
				F15F4B9621352CDF0037787F /* TodoeyTests.swift */,
				F15F4B9821352CDF0037787F /* Info.plist */,
			);
			path = TodoeyTests;
			sourceTree = "<group>";
		};
		F15F4BA021352CDF0037787F /* TodoeyUITests */ = {
			isa = PBXGroup;
			children = (
				F15F4BA121352CDF0037787F /* TodoeyUITests.swift */,
				F15F4BA321352CDF0037787F /* Info.plist */,
			);
			path = TodoeyUITests;
			sourceTree = "<group>";
		};
		F160D6D921365AEC008340A6 /* Model */ = {
			isa = PBXGroup;
			children = (
				F17D3839213906DA00E11DC0 /* Catagory.swift */,
				F17D3837213906BE00E11DC0 /* Item.swift */,
			);
			path = Model;
			sourceTree = "<group>";
		};
		F160D6DC21365B94008340A6 /* Views */ = {
			isa = PBXGroup;
			children = (
				F15F4B8521352CDB0037787F /* Main.storyboard */,
			);
			path = Views;
			sourceTree = "<group>";
		};
		F160D6DD21365BB7008340A6 /* Controllers */ = {
			isa = PBXGroup;
			children = (
				F1E8FF83213806370052161E /* CatagoryViewController.swift */,
				F15F4B8321352CDB0037787F /* TodoeyViewController.swift */,
			);
			name = Controllers;
			sourceTree = "<group>";
		};
		F1C8A6B721365C5100FAB735 /* SupportFile */ = {
			isa = PBXGroup;
			children = (
				F15F4B8821352CDF0037787F /* Assets.xcassets */,
				F15F4B8A21352CDF0037787F /* LaunchScreen.storyboard */,
			);
			path = SupportFile;
			sourceTree = "<group>";
		};
/* End PBXGroup section */

/* Begin PBXNativeTarget section */
		F15F4B7D21352CDB0037787F /* Todoey */ = {
			isa = PBXNativeTarget;
			buildConfigurationList = F15F4BA621352CDF0037787F /* Build configuration list for PBXNativeTarget "Todoey" */;
			buildPhases = (
				0EBE63AF0EC29E5263132480 /* [CP] Check Pods Manifest.lock */,
				F15F4B7A21352CDB0037787F /* Sources */,
				F15F4B7B21352CDB0037787F /* Frameworks */,
				F15F4B7C21352CDB0037787F /* Resources */,
				9C9CA04671EEF7F456BA5623 /* [CP] Embed Pods Frameworks */,
			);
			buildRules = (
			);
			dependencies = (
			);
			name = Todoey;
			productName = Todoey;
			productReference = F15F4B7E21352CDB0037787F /* Todoey.app */;
			productType = "com.apple.product-type.application";
		};
		F15F4B9121352CDF0037787F /* TodoeyTests */ = {
			isa = PBXNativeTarget;
			buildConfigurationList = F15F4BA921352CDF0037787F /* Build configuration list for PBXNativeTarget "TodoeyTests" */;
			buildPhases = (
				7ECBC12136B2C3FFA4B0F871 /* [CP] Check Pods Manifest.lock */,
				F15F4B8E21352CDF0037787F /* Sources */,
				F15F4B8F21352CDF0037787F /* Frameworks */,
				F15F4B9021352CDF0037787F /* Resources */,
			);
			buildRules = (
			);
			dependencies = (
				F15F4B9421352CDF0037787F /* PBXTargetDependency */,
			);
			name = TodoeyTests;
			productName = TodoeyTests;
			productReference = F15F4B9221352CDF0037787F /* TodoeyTests.xctest */;
			productType = "com.apple.product-type.bundle.unit-test";
		};
		F15F4B9C21352CDF0037787F /* TodoeyUITests */ = {
			isa = PBXNativeTarget;
			buildConfigurationList = F15F4BAC21352CDF0037787F /* Build configuration list for PBXNativeTarget "TodoeyUITests" */;
			buildPhases = (
				D3F101BBDF83B1274301CB6E /* [CP] Check Pods Manifest.lock */,
				F15F4B9921352CDF0037787F /* Sources */,
				F15F4B9A21352CDF0037787F /* Frameworks */,
				F15F4B9B21352CDF0037787F /* Resources */,
			);
			buildRules = (
			);
			dependencies = (
				F15F4B9F21352CDF0037787F /* PBXTargetDependency */,
			);
			name = TodoeyUITests;
			productName = TodoeyUITests;
			productReference = F15F4B9D21352CDF0037787F /* TodoeyUITests.xctest */;
			productType = "com.apple.product-type.bundle.ui-testing";
		};
/* End PBXNativeTarget section */

/* Begin PBXProject section */
		F15F4B7621352CDB0037787F /* Project object */ = {
			isa = PBXProject;
			attributes = {
				LastSwiftUpdateCheck = 0940;
				LastUpgradeCheck = 0940;
				ORGANIZATIONNAME = nProject;
				TargetAttributes = {
					F15F4B7D21352CDB0037787F = {
						CreatedOnToolsVersion = 9.4.1;
					};
					F15F4B9121352CDF0037787F = {
						CreatedOnToolsVersion = 9.4.1;
						TestTargetID = F15F4B7D21352CDB0037787F;
					};
					F15F4B9C21352CDF0037787F = {
						CreatedOnToolsVersion = 9.4.1;
						TestTargetID = F15F4B7D21352CDB0037787F;
					};
				};
			};
			buildConfigurationList = F15F4B7921352CDB0037787F /* Build configuration list for PBXProject "Todoey" */;
			compatibilityVersion = "Xcode 9.3";
			developmentRegion = en;
			hasScannedForEncodings = 0;
			knownRegions = (
				en,
				Base,
			);
			mainGroup = F15F4B7521352CDB0037787F;
			productRefGroup = F15F4B7F21352CDB0037787F /* Products */;
			projectDirPath = "";
			projectRoot = "";
			targets = (
				F15F4B7D21352CDB0037787F /* Todoey */,
				F15F4B9121352CDF0037787F /* TodoeyTests */,
				F15F4B9C21352CDF0037787F /* TodoeyUITests */,
			);
		};
/* End PBXProject section */

/* Begin PBXResourcesBuildPhase section */
		F15F4B7C21352CDB0037787F /* Resources */ = {
			isa = PBXResourcesBuildPhase;
			buildActionMask = 2147483647;
			files = (
				F15F4B8C21352CDF0037787F /* LaunchScreen.storyboard in Resources */,
				F15F4B8921352CDF0037787F /* Assets.xcassets in Resources */,
				F15F4B8721352CDB0037787F /* Main.storyboard in Resources */,
			);
			runOnlyForDeploymentPostprocessing = 0;
		};
		F15F4B9021352CDF0037787F /* Resources */ = {
			isa = PBXResourcesBuildPhase;
			buildActionMask = 2147483647;
			files = (
			);
			runOnlyForDeploymentPostprocessing = 0;
		};
		F15F4B9B21352CDF0037787F /* Resources */ = {
			isa = PBXResourcesBuildPhase;
			buildActionMask = 2147483647;
			files = (
			);
			runOnlyForDeploymentPostprocessing = 0;
		};
/* End PBXResourcesBuildPhase section */

/* Begin PBXShellScriptBuildPhase section */
		0EBE63AF0EC29E5263132480 /* [CP] Check Pods Manifest.lock */ = {
			isa = PBXShellScriptBuildPhase;
			buildActionMask = 2147483647;
			files = (
			);
			inputPaths = (
				"${PODS_PODFILE_DIR_PATH}/Podfile.lock",
				"${PODS_ROOT}/Manifest.lock",
			);
			name = "[CP] Check Pods Manifest.lock";
			outputPaths = (
				"$(DERIVED_FILE_DIR)/Pods-Todoey-checkManifestLockResult.txt",
			);
			runOnlyForDeploymentPostprocessing = 0;
			shellPath = /bin/sh;
			shellScript = "diff \"${PODS_PODFILE_DIR_PATH}/Podfile.lock\" \"${PODS_ROOT}/Manifest.lock\" > /dev/null\nif [ $? != 0 ] ; then\n    # print error to STDERR\n    echo \"error: The sandbox is not in sync with the Podfile.lock. Run 'pod install' or update your CocoaPods installation.\" >&2\n    exit 1\nfi\n# This output is used by Xcode 'outputs' to avoid re-running this script phase.\necho \"SUCCESS\" > \"${SCRIPT_OUTPUT_FILE_0}\"\n";
			showEnvVarsInLog = 0;
		};
		7ECBC12136B2C3FFA4B0F871 /* [CP] Check Pods Manifest.lock */ = {
			isa = PBXShellScriptBuildPhase;
			buildActionMask = 2147483647;
			files = (
			);
			inputPaths = (
				"${PODS_PODFILE_DIR_PATH}/Podfile.lock",
				"${PODS_ROOT}/Manifest.lock",
			);
			name = "[CP] Check Pods Manifest.lock";
			outputPaths = (
				"$(DERIVED_FILE_DIR)/Pods-TodoeyTests-checkManifestLockResult.txt",
			);
			runOnlyForDeploymentPostprocessing = 0;
			shellPath = /bin/sh;
			shellScript = "diff \"${PODS_PODFILE_DIR_PATH}/Podfile.lock\" \"${PODS_ROOT}/Manifest.lock\" > /dev/null\nif [ $? != 0 ] ; then\n    # print error to STDERR\n    echo \"error: The sandbox is not in sync with the Podfile.lock. Run 'pod install' or update your CocoaPods installation.\" >&2\n    exit 1\nfi\n# This output is used by Xcode 'outputs' to avoid re-running this script phase.\necho \"SUCCESS\" > \"${SCRIPT_OUTPUT_FILE_0}\"\n";
			showEnvVarsInLog = 0;
		};
		9C9CA04671EEF7F456BA5623 /* [CP] Embed Pods Frameworks */ = {
			isa = PBXShellScriptBuildPhase;
			buildActionMask = 2147483647;
			files = (
			);
			inputPaths = (
				"${SRCROOT}/Pods/Target Support Files/Pods-Todoey/Pods-Todoey-frameworks.sh",
				"${BUILT_PRODUCTS_DIR}/Realm/Realm.framework",
				"${BUILT_PRODUCTS_DIR}/RealmSwift/RealmSwift.framework",
			);
			name = "[CP] Embed Pods Frameworks";
			outputPaths = (
				"${TARGET_BUILD_DIR}/${FRAMEWORKS_FOLDER_PATH}/Realm.framework",
				"${TARGET_BUILD_DIR}/${FRAMEWORKS_FOLDER_PATH}/RealmSwift.framework",
			);
			runOnlyForDeploymentPostprocessing = 0;
			shellPath = /bin/sh;
			shellScript = "\"${SRCROOT}/Pods/Target Support Files/Pods-Todoey/Pods-Todoey-frameworks.sh\"\n";
			showEnvVarsInLog = 0;
		};
		D3F101BBDF83B1274301CB6E /* [CP] Check Pods Manifest.lock */ = {
			isa = PBXShellScriptBuildPhase;
			buildActionMask = 2147483647;
			files = (
			);
			inputPaths = (
				"${PODS_PODFILE_DIR_PATH}/Podfile.lock",
				"${PODS_ROOT}/Manifest.lock",
			);
			name = "[CP] Check Pods Manifest.lock";
			outputPaths = (
				"$(DERIVED_FILE_DIR)/Pods-TodoeyUITests-checkManifestLockResult.txt",
			);
			runOnlyForDeploymentPostprocessing = 0;
			shellPath = /bin/sh;
			shellScript = "diff \"${PODS_PODFILE_DIR_PATH}/Podfile.lock\" \"${PODS_ROOT}/Manifest.lock\" > /dev/null\nif [ $? != 0 ] ; then\n    # print error to STDERR\n    echo \"error: The sandbox is not in sync with the Podfile.lock. Run 'pod install' or update your CocoaPods installation.\" >&2\n    exit 1\nfi\n# This output is used by Xcode 'outputs' to avoid re-running this script phase.\necho \"SUCCESS\" > \"${SCRIPT_OUTPUT_FILE_0}\"\n";
			showEnvVarsInLog = 0;
		};
/* End PBXShellScriptBuildPhase section */

/* Begin PBXSourcesBuildPhase section */
		F15F4B7A21352CDB0037787F /* Sources */ = {
			isa = PBXSourcesBuildPhase;
			buildActionMask = 2147483647;
			files = (
				F17D3838213906BE00E11DC0 /* Item.swift in Sources */,
				F1E8FF84213806370052161E /* CatagoryViewController.swift in Sources */,
				F15F4B8421352CDB0037787F /* TodoeyViewController.swift in Sources */,
				F17D383A213906DA00E11DC0 /* Catagory.swift in Sources */,
				F15F4B8221352CDB0037787F /* AppDelegate.swift in Sources */,
			);
			runOnlyForDeploymentPostprocessing = 0;
		};
		F15F4B8E21352CDF0037787F /* Sources */ = {
			isa = PBXSourcesBuildPhase;
			buildActionMask = 2147483647;
			files = (
				F15F4B9721352CDF0037787F /* TodoeyTests.swift in Sources */,
			);
			runOnlyForDeploymentPostprocessing = 0;
		};
		F15F4B9921352CDF0037787F /* Sources */ = {
			isa = PBXSourcesBuildPhase;
			buildActionMask = 2147483647;
			files = (
				F15F4BA221352CDF0037787F /* TodoeyUITests.swift in Sources */,
			);
			runOnlyForDeploymentPostprocessing = 0;
		};
/* End PBXSourcesBuildPhase section */

/* Begin PBXTargetDependency section */
		F15F4B9421352CDF0037787F /* PBXTargetDependency */ = {
			isa = PBXTargetDependency;
			target = F15F4B7D21352CDB0037787F /* Todoey */;
			targetProxy = F15F4B9321352CDF0037787F /* PBXContainerItemProxy */;
		};
		F15F4B9F21352CDF0037787F /* PBXTargetDependency */ = {
			isa = PBXTargetDependency;
			target = F15F4B7D21352CDB0037787F /* Todoey */;
			targetProxy = F15F4B9E21352CDF0037787F /* PBXContainerItemProxy */;
		};
/* End PBXTargetDependency section */

/* Begin PBXVariantGroup section */
		F15F4B8521352CDB0037787F /* Main.storyboard */ = {
			isa = PBXVariantGroup;
			children = (
				F15F4B8621352CDB0037787F /* Base */,
			);
			name = Main.storyboard;
			sourceTree = "<group>";
		};
		F15F4B8A21352CDF0037787F /* LaunchScreen.storyboard */ = {
			isa = PBXVariantGroup;
			children = (
				F15F4B8B21352CDF0037787F /* Base */,
			);
			name = LaunchScreen.storyboard;
			sourceTree = "<group>";
		};
/* End PBXVariantGroup section */

/* Begin XCBuildConfiguration section */
		F15F4BA421352CDF0037787F /* Debug */ = {
			isa = XCBuildConfiguration;
			buildSettings = {
				ALWAYS_SEARCH_USER_PATHS = NO;
				CLANG_ANALYZER_NONNULL = YES;
				CLANG_ANALYZER_NUMBER_OBJECT_CONVERSION = YES_AGGRESSIVE;
				CLANG_CXX_LANGUAGE_STANDARD = "gnu++14";
				CLANG_CXX_LIBRARY = "libc++";
				CLANG_ENABLE_MODULES = YES;
				CLANG_ENABLE_OBJC_ARC = YES;
				CLANG_ENABLE_OBJC_WEAK = YES;
				CLANG_WARN_BLOCK_CAPTURE_AUTORELEASING = YES;
				CLANG_WARN_BOOL_CONVERSION = YES;
				CLANG_WARN_COMMA = YES;
				CLANG_WARN_CONSTANT_CONVERSION = YES;
				CLANG_WARN_DEPRECATED_OBJC_IMPLEMENTATIONS = YES;
				CLANG_WARN_DIRECT_OBJC_ISA_USAGE = YES_ERROR;
				CLANG_WARN_DOCUMENTATION_COMMENTS = YES;
				CLANG_WARN_EMPTY_BODY = YES;
				CLANG_WARN_ENUM_CONVERSION = YES;
				CLANG_WARN_INFINITE_RECURSION = YES;
				CLANG_WARN_INT_CONVERSION = YES;
				CLANG_WARN_NON_LITERAL_NULL_CONVERSION = YES;
				CLANG_WARN_OBJC_IMPLICIT_RETAIN_SELF = YES;
				CLANG_WARN_OBJC_LITERAL_CONVERSION = YES;
				CLANG_WARN_OBJC_ROOT_CLASS = YES_ERROR;
				CLANG_WARN_RANGE_LOOP_ANALYSIS = YES;
				CLANG_WARN_STRICT_PROTOTYPES = YES;
				CLANG_WARN_SUSPICIOUS_MOVE = YES;
				CLANG_WARN_UNGUARDED_AVAILABILITY = YES_AGGRESSIVE;
				CLANG_WARN_UNREACHABLE_CODE = YES;
				CLANG_WARN__DUPLICATE_METHOD_MATCH = YES;
				CODE_SIGN_IDENTITY = "iPhone Developer";
				COPY_PHASE_STRIP = NO;
				DEBUG_INFORMATION_FORMAT = dwarf;
				ENABLE_STRICT_OBJC_MSGSEND = YES;
				ENABLE_TESTABILITY = YES;
				GCC_C_LANGUAGE_STANDARD = gnu11;
				GCC_DYNAMIC_NO_PIC = NO;
				GCC_NO_COMMON_BLOCKS = YES;
				GCC_OPTIMIZATION_LEVEL = 0;
				GCC_PREPROCESSOR_DEFINITIONS = (
					"DEBUG=1",
					"$(inherited)",
				);
				GCC_WARN_64_TO_32_BIT_CONVERSION = YES;
				GCC_WARN_ABOUT_RETURN_TYPE = YES_ERROR;
				GCC_WARN_UNDECLARED_SELECTOR = YES;
				GCC_WARN_UNINITIALIZED_AUTOS = YES_AGGRESSIVE;
				GCC_WARN_UNUSED_FUNCTION = YES;
				GCC_WARN_UNUSED_VARIABLE = YES;
				IPHONEOS_DEPLOYMENT_TARGET = 11.4;
				MTL_ENABLE_DEBUG_INFO = YES;
				ONLY_ACTIVE_ARCH = YES;
				SDKROOT = iphoneos;
				SWIFT_ACTIVE_COMPILATION_CONDITIONS = DEBUG;
				SWIFT_OPTIMIZATION_LEVEL = "-Onone";
			};
			name = Debug;
		};
		F15F4BA521352CDF0037787F /* Release */ = {
			isa = XCBuildConfiguration;
			buildSettings = {
				ALWAYS_SEARCH_USER_PATHS = NO;
				CLANG_ANALYZER_NONNULL = YES;
				CLANG_ANALYZER_NUMBER_OBJECT_CONVERSION = YES_AGGRESSIVE;
				CLANG_CXX_LANGUAGE_STANDARD = "gnu++14";
				CLANG_CXX_LIBRARY = "libc++";
				CLANG_ENABLE_MODULES = YES;
				CLANG_ENABLE_OBJC_ARC = YES;
				CLANG_ENABLE_OBJC_WEAK = YES;
				CLANG_WARN_BLOCK_CAPTURE_AUTORELEASING = YES;
				CLANG_WARN_BOOL_CONVERSION = YES;
				CLANG_WARN_COMMA = YES;
				CLANG_WARN_CONSTANT_CONVERSION = YES;
				CLANG_WARN_DEPRECATED_OBJC_IMPLEMENTATIONS = YES;
				CLANG_WARN_DIRECT_OBJC_ISA_USAGE = YES_ERROR;
				CLANG_WARN_DOCUMENTATION_COMMENTS = YES;
				CLANG_WARN_EMPTY_BODY = YES;
				CLANG_WARN_ENUM_CONVERSION = YES;
				CLANG_WARN_INFINITE_RECURSION = YES;
				CLANG_WARN_INT_CONVERSION = YES;
				CLANG_WARN_NON_LITERAL_NULL_CONVERSION = YES;
				CLANG_WARN_OBJC_IMPLICIT_RETAIN_SELF = YES;
				CLANG_WARN_OBJC_LITERAL_CONVERSION = YES;
				CLANG_WARN_OBJC_ROOT_CLASS = YES_ERROR;
				CLANG_WARN_RANGE_LOOP_ANALYSIS = YES;
				CLANG_WARN_STRICT_PROTOTYPES = YES;
				CLANG_WARN_SUSPICIOUS_MOVE = YES;
				CLANG_WARN_UNGUARDED_AVAILABILITY = YES_AGGRESSIVE;
				CLANG_WARN_UNREACHABLE_CODE = YES;
				CLANG_WARN__DUPLICATE_METHOD_MATCH = YES;
				CODE_SIGN_IDENTITY = "iPhone Developer";
				COPY_PHASE_STRIP = NO;
				DEBUG_INFORMATION_FORMAT = "dwarf-with-dsym";
				ENABLE_NS_ASSERTIONS = NO;
				ENABLE_STRICT_OBJC_MSGSEND = YES;
				GCC_C_LANGUAGE_STANDARD = gnu11;
				GCC_NO_COMMON_BLOCKS = YES;
				GCC_WARN_64_TO_32_BIT_CONVERSION = YES;
				GCC_WARN_ABOUT_RETURN_TYPE = YES_ERROR;
				GCC_WARN_UNDECLARED_SELECTOR = YES;
				GCC_WARN_UNINITIALIZED_AUTOS = YES_AGGRESSIVE;
				GCC_WARN_UNUSED_FUNCTION = YES;
				GCC_WARN_UNUSED_VARIABLE = YES;
				IPHONEOS_DEPLOYMENT_TARGET = 11.4;
				MTL_ENABLE_DEBUG_INFO = NO;
				SDKROOT = iphoneos;
				SWIFT_COMPILATION_MODE = wholemodule;
				SWIFT_OPTIMIZATION_LEVEL = "-O";
				VALIDATE_PRODUCT = YES;
			};
			name = Release;
		};
		F15F4BA721352CDF0037787F /* Debug */ = {
			isa = XCBuildConfiguration;
			baseConfigurationReference = F5E341BAAFB542D80579F86D /* Pods-Todoey.debug.xcconfig */;
			buildSettings = {
				ASSETCATALOG_COMPILER_APPICON_NAME = AppIcon;
				CODE_SIGN_STYLE = Automatic;
				INFOPLIST_FILE = Todoey/Info.plist;
				LD_RUNPATH_SEARCH_PATHS = (
					"$(inherited)",
					"@executable_path/Frameworks",
				);
				PRODUCT_BUNDLE_IDENTIFIER = devio.Todoey;
				PRODUCT_NAME = "$(TARGET_NAME)";
				SWIFT_VERSION = 4.0;
				TARGETED_DEVICE_FAMILY = "1,2";
			};
			name = Debug;
		};
		F15F4BA821352CDF0037787F /* Release */ = {
			isa = XCBuildConfiguration;
			baseConfigurationReference = 7DFBD8FA1C5ADB4274B5C270 /* Pods-Todoey.release.xcconfig */;
			buildSettings = {
				ASSETCATALOG_COMPILER_APPICON_NAME = AppIcon;
				CODE_SIGN_STYLE = Automatic;
				INFOPLIST_FILE = Todoey/Info.plist;
				LD_RUNPATH_SEARCH_PATHS = (
					"$(inherited)",
					"@executable_path/Frameworks",
				);
				PRODUCT_BUNDLE_IDENTIFIER = devio.Todoey;
				PRODUCT_NAME = "$(TARGET_NAME)";
				SWIFT_VERSION = 4.0;
				TARGETED_DEVICE_FAMILY = "1,2";
			};
			name = Release;
		};
		F15F4BAA21352CDF0037787F /* Debug */ = {
			isa = XCBuildConfiguration;
			baseConfigurationReference = F30EE5D08973757A66BE030B /* Pods-TodoeyTests.debug.xcconfig */;
			buildSettings = {
				ALWAYS_EMBED_SWIFT_STANDARD_LIBRARIES = YES;
				BUNDLE_LOADER = "$(TEST_HOST)";
				CODE_SIGN_STYLE = Automatic;
				INFOPLIST_FILE = TodoeyTests/Info.plist;
				LD_RUNPATH_SEARCH_PATHS = (
					"$(inherited)",
					"@executable_path/Frameworks",
					"@loader_path/Frameworks",
				);
				PRODUCT_BUNDLE_IDENTIFIER = devio.TodoeyTests;
				PRODUCT_NAME = "$(TARGET_NAME)";
				SWIFT_VERSION = 4.0;
				TARGETED_DEVICE_FAMILY = "1,2";
				TEST_HOST = "$(BUILT_PRODUCTS_DIR)/Todoey.app/Todoey";
			};
			name = Debug;
		};
		F15F4BAB21352CDF0037787F /* Release */ = {
			isa = XCBuildConfiguration;
			baseConfigurationReference = E32BC186A9FB57088D3BBE67 /* Pods-TodoeyTests.release.xcconfig */;
			buildSettings = {
				ALWAYS_EMBED_SWIFT_STANDARD_LIBRARIES = YES;
				BUNDLE_LOADER = "$(TEST_HOST)";
				CODE_SIGN_STYLE = Automatic;
				INFOPLIST_FILE = TodoeyTests/Info.plist;
				LD_RUNPATH_SEARCH_PATHS = (
					"$(inherited)",
					"@executable_path/Frameworks",
					"@loader_path/Frameworks",
				);
				PRODUCT_BUNDLE_IDENTIFIER = devio.TodoeyTests;
				PRODUCT_NAME = "$(TARGET_NAME)";
				SWIFT_VERSION = 4.0;
				TARGETED_DEVICE_FAMILY = "1,2";
				TEST_HOST = "$(BUILT_PRODUCTS_DIR)/Todoey.app/Todoey";
			};
			name = Release;
		};
		F15F4BAD21352CDF0037787F /* Debug */ = {
			isa = XCBuildConfiguration;
			baseConfigurationReference = 918F49E6D39E8AAF8EEA6929 /* Pods-TodoeyUITests.debug.xcconfig */;
			buildSettings = {
				ALWAYS_EMBED_SWIFT_STANDARD_LIBRARIES = YES;
				CODE_SIGN_STYLE = Automatic;
				INFOPLIST_FILE = TodoeyUITests/Info.plist;
				LD_RUNPATH_SEARCH_PATHS = (
					"$(inherited)",
					"@executable_path/Frameworks",
					"@loader_path/Frameworks",
				);
				PRODUCT_BUNDLE_IDENTIFIER = devio.TodoeyUITests;
				PRODUCT_NAME = "$(TARGET_NAME)";
				SWIFT_VERSION = 4.0;
				TARGETED_DEVICE_FAMILY = "1,2";
				TEST_TARGET_NAME = Todoey;
			};
			name = Debug;
		};
		F15F4BAE21352CDF0037787F /* Release */ = {
			isa = XCBuildConfiguration;
			baseConfigurationReference = D8D37C96971726AB396CE0E1 /* Pods-TodoeyUITests.release.xcconfig */;
			buildSettings = {
				ALWAYS_EMBED_SWIFT_STANDARD_LIBRARIES = YES;
				CODE_SIGN_STYLE = Automatic;
				INFOPLIST_FILE = TodoeyUITests/Info.plist;
				LD_RUNPATH_SEARCH_PATHS = (
					"$(inherited)",
					"@executable_path/Frameworks",
					"@loader_path/Frameworks",
				);
				PRODUCT_BUNDLE_IDENTIFIER = devio.TodoeyUITests;
				PRODUCT_NAME = "$(TARGET_NAME)";
				SWIFT_VERSION = 4.0;
				TARGETED_DEVICE_FAMILY = "1,2";
				TEST_TARGET_NAME = Todoey;
			};
			name = Release;
		};
/* End XCBuildConfiguration section */

/* Begin XCConfigurationList section */
		F15F4B7921352CDB0037787F /* Build configuration list for PBXProject "Todoey" */ = {
			isa = XCConfigurationList;
			buildConfigurations = (
				F15F4BA421352CDF0037787F /* Debug */,
				F15F4BA521352CDF0037787F /* Release */,
			);
			defaultConfigurationIsVisible = 0;
			defaultConfigurationName = Release;
		};
		F15F4BA621352CDF0037787F /* Build configuration list for PBXNativeTarget "Todoey" */ = {
			isa = XCConfigurationList;
			buildConfigurations = (
				F15F4BA721352CDF0037787F /* Debug */,
				F15F4BA821352CDF0037787F /* Release */,
			);
			defaultConfigurationIsVisible = 0;
			defaultConfigurationName = Release;
		};
		F15F4BA921352CDF0037787F /* Build configuration list for PBXNativeTarget "TodoeyTests" */ = {
			isa = XCConfigurationList;
			buildConfigurations = (
				F15F4BAA21352CDF0037787F /* Debug */,
				F15F4BAB21352CDF0037787F /* Release */,
			);
			defaultConfigurationIsVisible = 0;
			defaultConfigurationName = Release;
		};
		F15F4BAC21352CDF0037787F /* Build configuration list for PBXNativeTarget "TodoeyUITests" */ = {
			isa = XCConfigurationList;
			buildConfigurations = (
				F15F4BAD21352CDF0037787F /* Debug */,
				F15F4BAE21352CDF0037787F /* Release */,
			);
			defaultConfigurationIsVisible = 0;
			defaultConfigurationName = Release;
		};
/* End XCConfigurationList section */
	};
	rootObject = F15F4B7621352CDB0037787F /* Project object */;
}
